
Microsoft Visual Studio Solution File, Format Version 12.00
# Visual Studio 15
VisualStudioVersion = 15.0.26730.15
MinimumVisualStudioVersion = 10.0.40219.1
Project("{FAE04EC0-301F-11D3-BF4B-00C04F79EFBC}") = "Hospitalus", "Hospitalus\Hospitalus.csproj", "{580D1F49-AE74-491A-876F-E5D33EDDA064}"
EndProject
Global
	GlobalSection(SolutionConfigurationPlatforms) = preSolution
		Debug|Any CPU = Debug|Any CPU
		Release|Any CPU = Release|Any CPU
	EndGlobalSection
	GlobalSection(ProjectConfigurationPlatforms) = postSolution
		{580D1F49-AE74-491A-876F-E5D33EDDA064}.Debug|Any CPU.ActiveCfg = Debug|Any CPU
		{580D1F49-AE74-491A-876F-E5D33EDDA064}.Debug|Any CPU.Build.0 = Debug|Any CPU
		{580D1F49-AE74-491A-876F-E5D33EDDA064}.Release|Any CPU.ActiveCfg = Release|Any CPU
		{580D1F49-AE74-491A-876F-E5D33EDDA064}.Release|Any CPU.Build.0 = Release|Any CPU
	EndGlobalSection
	GlobalSection(SolutionProperties) = preSolution
		HideSolutionNode = FALSE
	EndGlobalSection
	GlobalSection(ExtensibilityGlobals) = postSolution
		SolutionGuid = {F1DD5CF5-9137-4D20-82EB-ACA62CFA8F05}
	EndGlobalSection
EndGlobal
